Microsoft Visual Studio Solution File, Format Version 8.00
Project("{8BC9CEB8-8B4A-11D0-8D11-00A0C91BC942}") = "TestExam", "TestExam.vcproj", "{F70F5A87-91D5-492C-A2EB-9451407A268F}"
	ProjectSection(ProjectDependencies) = postProject
	EndProjectSection
EndProject
Global
	GlobalSection(SolutionConfiguration) = preSolution
		Debug = Debug
		Release = Release
	EndGlobalSection
	GlobalSection(ProjectConfiguration) = postSolution
		{F70F5A87-91D5-492C-A2EB-9451407A268F}.Debug.ActiveCfg = Debug|Win32
		{F70F5A87-91D5-492C-A2EB-9451407A268F}.Debug.Build.0 = Debug|Win32
		{F70F5A87-91D5-492C-A2EB-9451407A268F}.Release.ActiveCfg = Release|Win32
		{F70F5A87-91D5-492C-A2EB-9451407A268F}.Release.Build.0 = Release|Win32
	EndGlobalSection
	GlobalSection(ExtensibilityGlobals) = postSolution
	EndGlobalSection
	GlobalSection(ExtensibilityAddIns) = postSolution
	EndGlobalSection
EndGlobal
